Microsoft Visual Studio Solution File, Format Version 12.00
# Visual Studio 2013
Project("{8BC9CEB8-8B4A-11D0-8D11-00A0C91BC942}") = "ALL_BUILD", "ALL_BUILD.vcxproj", "{359FFFE8-1738-42BD-A922-9C55BBDE54EE}"
	ProjectSection(ProjectDependencies) = postProject
		{B7FB6B54-A03A-44D9-9B63-0E146504C1FE} = {B7FB6B54-A03A-44D9-9B63-0E146504C1FE}
	EndProjectSection
EndProject
Project("{8BC9CEB8-8B4A-11D0-8D11-00A0C91BC942}") = "INSTALL", "INSTALL.vcxproj", "{A2C6ADAB-4AD0-42BD-BD04-8EE9E46BD285}"
	ProjectSection(ProjectDependencies) = postProject
		{359FFFE8-1738-42BD-A922-9C55BBDE54EE} = {359FFFE8-1738-42BD-A922-9C55BBDE54EE}
	EndProjectSection
EndProject
Project("{8BC9CEB8-8B4A-11D0-8D11-00A0C91BC942}") = "ZERO_CHECK", "ZERO_CHECK.vcxproj", "{B7FB6B54-A03A-44D9-9B63-0E146504C1FE}"
	ProjectSection(ProjectDependencies) = postProject
	EndProjectSection
EndProject
Global
	GlobalSection(SolutionConfigurationPlatforms) = preSolution
		Debug|Win32 = Debug|Win32
		Release|Win32 = Release|Win32
		MinSizeRel|Win32 = MinSizeRel|Win32
		RelWithDebInfo|Win32 = RelWithDebInfo|Win32
	EndGlobalSection
	GlobalSection(ProjectConfigurationPlatforms) = postSolution
		{359FFFE8-1738-42BD-A922-9C55BBDE54EE}.Debug|Win32.ActiveCfg = Debug|Win32
		{359FFFE8-1738-42BD-A922-9C55BBDE54EE}.Debug|Win32.Build.0 = Debug|Win32
		{359FFFE8-1738-42BD-A922-9C55BBDE54EE}.Release|Win32.ActiveCfg = Release|Win32
		{359FFFE8-1738-42BD-A922-9C55BBDE54EE}.Release|Win32.Build.0 = Release|Win32
		{359FFFE8-1738-42BD-A922-9C55BBDE54EE}.MinSizeRel|Win32.ActiveCfg = MinSizeRel|Win32
		{359FFFE8-1738-42BD-A922-9C55BBDE54EE}.MinSizeRel|Win32.Build.0 = MinSizeRel|Win32
		{359FFFE8-1738-42BD-A922-9C55BBDE54EE}.RelWithDebInfo|Win32.ActiveCfg = RelWithDebInfo|Win32
		{359FFFE8-1738-42BD-A922-9C55BBDE54EE}.RelWithDebInfo|Win32.Build.0 = RelWithDebInfo|Win32
		{A2C6ADAB-4AD0-42BD-BD04-8EE9E46BD285}.Debug|Win32.ActiveCfg = Debug|Win32
		{A2C6ADAB-4AD0-42BD-BD04-8EE9E46BD285}.Release|Win32.ActiveCfg = Release|Win32
		{A2C6ADAB-4AD0-42BD-BD04-8EE9E46BD285}.MinSizeRel|Win32.ActiveCfg = MinSizeRel|Win32
		{A2C6ADAB-4AD0-42BD-BD04-8EE9E46BD285}.RelWithDebInfo|Win32.ActiveCfg = RelWithDebInfo|Win32
		{B7FB6B54-A03A-44D9-9B63-0E146504C1FE}.Debug|Win32.ActiveCfg = Debug|Win32
		{B7FB6B54-A03A-44D9-9B63-0E146504C1FE}.Debug|Win32.Build.0 = Debug|Win32
		{B7FB6B54-A03A-44D9-9B63-0E146504C1FE}.Release|Win32.ActiveCfg = Release|Win32
		{B7FB6B54-A03A-44D9-9B63-0E146504C1FE}.Release|Win32.Build.0 = Release|Win32
		{B7FB6B54-A03A-44D9-9B63-0E146504C1FE}.MinSizeRel|Win32.ActiveCfg = MinSizeRel|Win32
		{B7FB6B54-A03A-44D9-9B63-0E146504C1FE}.MinSizeRel|Win32.Build.0 = MinSizeRel|Win32
		{B7FB6B54-A03A-44D9-9B63-0E146504C1FE}.RelWithDebInfo|Win32.ActiveCfg = RelWithDebInfo|Win32
		{B7FB6B54-A03A-44D9-9B63-0E146504C1FE}.RelWithDebInfo|Win32.Build.0 = RelWithDebInfo|Win32
	EndGlobalSection
	GlobalSection(ExtensibilityGlobals) = postSolution
	EndGlobalSection
	GlobalSection(ExtensibilityAddIns) = postSolution
	EndGlobalSection
EndGlobal
